
Microsoft Visual Studio Solution File, Format Version 12.00
# Visual Studio 15
VisualStudioVersion = 15.0.27428.2002
MinimumVisualStudioVersion = 10.0.40219.1
Project("{FAE04EC0-301F-11D3-BF4B-00C04F79EFBC}") = "Thingy.API", "Thingy.API\Thingy.API.csproj", "{BF3B99F7-722C-40C2-A0FE-7C3F8F1B6B01}"
EndProject
Project("{FAE04EC0-301F-11D3-BF4B-00C04F79EFBC}") = "Thingy", "Thingy\Thingy.csproj", "{83DEFF85-7B78-4521-95CE-7A312E22A406}"
	ProjectSection(ProjectDependencies) = postProject
		{F2F28913-F5A7-47AC-A7EC-51248F3E5290} = {F2F28913-F5A7-47AC-A7EC-51248F3E5290}
		{30E19E54-F36B-462F-884A-B5F84BAF1D7E} = {30E19E54-F36B-462F-884A-B5F84BAF1D7E}
		{972CE055-4941-4959-9D9F-C43F5D1125CC} = {972CE055-4941-4959-9D9F-C43F5D1125CC}
		{EAE30B58-F3B0-483B-AC3E-49FA7067D2F8} = {EAE30B58-F3B0-483B-AC3E-49FA7067D2F8}
		{D1B59ED4-418D-4698-B127-BC1BCEC2ACDC} = {D1B59ED4-418D-4698-B127-BC1BCEC2ACDC}
		{253234E3-85E1-4479-813C-96360A670D86} = {253234E3-85E1-4479-813C-96360A670D86}
	EndProjectSection
EndProject
Project("{FAE04EC0-301F-11D3-BF4B-00C04F79EFBC}") = "Thingy.ExternalLibs", "Thingy.ExternalLibs\Thingy.ExternalLibs.csproj", "{A65CAEAF-839B-44E2-BEA5-6555F965143A}"
EndProject
Project("{2150E333-8FDC-42A3-9474-1A3956D46DE8}") = "Build", "Build", "{C5B27D0E-90B5-4F9A-A234-A5B1D24140F3}"
	ProjectSection(SolutionItems) = preProject
		Build-tools\commonBuildInfo.xml = Build-tools\commonBuildInfo.xml
		Build-tools\CommonVersion.cs = Build-tools\CommonVersion.cs
		Build-tools\release_notes.html = Build-tools\release_notes.html
		Build-tools\Releases.xml = Build-tools\Releases.xml
	EndProjectSection
EndProject
Project("{FAE04EC0-301F-11D3-BF4B-00C04F79EFBC}") = "AppLib.Common", "applib\AppLib.Common\AppLib.Common.csproj", "{516087B5-6AC5-44A5-8DF1-FE42D7A7A0E6}"
EndProject
Project("{FAE04EC0-301F-11D3-BF4B-00C04F79EFBC}") = "AppLib.Maths", "applib\AppLib.Math\AppLib.Maths.csproj", "{0169FF46-6F3D-4CE8-BAD2-05F024EB24E2}"
EndProject
Project("{FAE04EC0-301F-11D3-BF4B-00C04F79EFBC}") = "AppLib.MVVM", "applib\AppLib.MVVM\AppLib.MVVM.csproj", "{848616A9-3D2F-42B1-B474-BE506E8019E4}"
EndProject
Project("{FAE04EC0-301F-11D3-BF4B-00C04F79EFBC}") = "AppLib.WPF", "applib\AppLib.WPF\AppLib.WPF.csproj", "{FAF19388-A6C0-46F9-A588-A46DB392ACE4}"
EndProject
Project("{2150E333-8FDC-42A3-9474-1A3956D46DE8}") = "Applib", "Applib", "{8C1E4C07-0B06-4EFA-A24D-560619F3782A}"
EndProject
Project("{FAE04EC0-301F-11D3-BF4B-00C04F79EFBC}") = "Thingy.Resources", "Thingy.Resources\Thingy.Resources.csproj", "{63A3EE73-078F-4DEC-8578-5AF6F158D383}"
EndProject
Project("{FAE04EC0-301F-11D3-BF4B-00C04F79EFBC}") = "Thingy.Db", "Thingy.Db\Thingy.Db.csproj", "{2D7E8D87-74AC-402A-8E11-BDACC7B3839B}"
EndProject
Project("{2150E333-8FDC-42A3-9474-1A3956D46DE8}") = "Infrastructure", "Infrastructure", "{259159E1-FA55-4090-B5E7-FBA0F450EAC2}"
EndProject
Project("{2150E333-8FDC-42A3-9474-1A3956D46DE8}") = "Modules", "Modules", "{0F95BE5A-A7C1-4CF6-8D09-8491163E7ED2}"
EndProject
Project("{FAE04EC0-301F-11D3-BF4B-00C04F79EFBC}") = "Thingy.CoreModules", "Modules\Thingy.CoreModules\Thingy.CoreModules.csproj", "{30E19E54-F36B-462F-884A-B5F84BAF1D7E}"
EndProject
Project("{FAE04EC0-301F-11D3-BF4B-00C04F79EFBC}") = "Thingy.XAML", "Thingy.XAML\Thingy.XAML.csproj", "{A8FBD1D1-EB45-42D5-85B8-D07C2A992E69}"
EndProject
Project("{FAE04EC0-301F-11D3-BF4B-00C04F79EFBC}") = "Thingy.Calculator", "Modules\Thingy.Calculator\Thingy.Calculator.csproj", "{972CE055-4941-4959-9D9F-C43F5D1125CC}"
EndProject
Project("{2150E333-8FDC-42A3-9474-1A3956D46DE8}") = "Cores", "Cores", "{8DD48674-DAFC-4411-BC97-E0E0E6B34F53}"
EndProject
Project("{FAE04EC0-301F-11D3-BF4B-00C04F79EFBC}") = "Thingy.CalculatorCore", "Cores\Thingy.CalculatorCore\Thingy.CalculatorCore.csproj", "{D0F12E16-59C0-4D6F-880D-621255FA708B}"
EndProject
Project("{FAE04EC0-301F-11D3-BF4B-00C04F79EFBC}") = "Thingy.MusicPlayerCore", "Cores\Thingy.MusicPlayerCore\Thingy.MusicPlayerCore.csproj", "{A87FD57D-B36F-4747-8AFA-989E5181705F}"
EndProject
Project("{FAE04EC0-301F-11D3-BF4B-00C04F79EFBC}") = "Thingy.MusicPlayer", "Modules\Thingy.MusicPlayer\Thingy.MusicPlayer.csproj", "{253234E3-85E1-4479-813C-96360A670D86}"
EndProject
Project("{FAE04EC0-301F-11D3-BF4B-00C04F79EFBC}") = "Thingy.GitBash", "Modules\Thingy.GitBash\Thingy.GitBash.csproj", "{F2F28913-F5A7-47AC-A7EC-51248F3E5290}"
EndProject
Project("{FAE04EC0-301F-11D3-BF4B-00C04F79EFBC}") = "Thingy.Mpv", "Modules\Thingy.Mpv\Thingy.Mpv.csproj", "{D1B59ED4-418D-4698-B127-BC1BCEC2ACDC}"
EndProject
Project("{FAE04EC0-301F-11D3-BF4B-00C04F79EFBC}") = "Thingy.JobCore", "Cores\Thingy.JobCore\Thingy.JobCore.csproj", "{5A7E127E-70C0-4E8B-AC91-AA655B65B7FD}"
EndProject
Project("{FAE04EC0-301F-11D3-BF4B-00C04F79EFBC}") = "Thingy.Engineering", "Modules\Thingy.Engineering\Thingy.Engineering.csproj", "{EAE30B58-F3B0-483B-AC3E-49FA7067D2F8}"
EndProject
Project("{2150E333-8FDC-42A3-9474-1A3956D46DE8}") = "Tests", "Tests", "{E26407E7-5EAB-4737-B555-1CD5D99A80B9}"
EndProject
Project("{FAE04EC0-301F-11D3-BF4B-00C04F79EFBC}") = "CalculatorCore.Tests", "Tests\CalculatorCore.Tests\CalculatorCore.Tests.csproj", "{7AE977DC-E1DF-42BF-BD75-23EC6ADE0198}"
EndProject
Project("{FAE04EC0-301F-11D3-BF4B-00C04F79EFBC}") = "Thingy.Cmd.Tests", "Thingy.Cmd.Tests\Thingy.Cmd.Tests.csproj", "{8B865BB0-D1E4-49E8-A458-14FC001CDA47}"
EndProject
Global
	GlobalSection(SolutionConfigurationPlatforms) = preSolution
		Debug|Any CPU = Debug|Any CPU
		Release|Any CPU = Release|Any CPU
	EndGlobalSection
	GlobalSection(ProjectConfigurationPlatforms) = postSolution
		{BF3B99F7-722C-40C2-A0FE-7C3F8F1B6B01}.Debug|Any CPU.ActiveCfg = Debug|Any CPU
		{BF3B99F7-722C-40C2-A0FE-7C3F8F1B6B01}.Debug|Any CPU.Build.0 = Debug|Any CPU
		{BF3B99F7-722C-40C2-A0FE-7C3F8F1B6B01}.Release|Any CPU.ActiveCfg = Release|Any CPU
		{BF3B99F7-722C-40C2-A0FE-7C3F8F1B6B01}.Release|Any CPU.Build.0 = Release|Any CPU
		{83DEFF85-7B78-4521-95CE-7A312E22A406}.Debug|Any CPU.ActiveCfg = Debug|Any CPU
		{83DEFF85-7B78-4521-95CE-7A312E22A406}.Debug|Any CPU.Build.0 = Debug|Any CPU
		{83DEFF85-7B78-4521-95CE-7A312E22A406}.Release|Any CPU.ActiveCfg = Release|Any CPU
		{83DEFF85-7B78-4521-95CE-7A312E22A406}.Release|Any CPU.Build.0 = Release|Any CPU
		{A65CAEAF-839B-44E2-BEA5-6555F965143A}.Debug|Any CPU.ActiveCfg = Debug|Any CPU
		{A65CAEAF-839B-44E2-BEA5-6555F965143A}.Debug|Any CPU.Build.0 = Debug|Any CPU
		{A65CAEAF-839B-44E2-BEA5-6555F965143A}.Release|Any CPU.ActiveCfg = Release|Any CPU
		{A65CAEAF-839B-44E2-BEA5-6555F965143A}.Release|Any CPU.Build.0 = Release|Any CPU
		{516087B5-6AC5-44A5-8DF1-FE42D7A7A0E6}.Debug|Any CPU.ActiveCfg = Debug|Any CPU
		{516087B5-6AC5-44A5-8DF1-FE42D7A7A0E6}.Debug|Any CPU.Build.0 = Debug|Any CPU
		{516087B5-6AC5-44A5-8DF1-FE42D7A7A0E6}.Release|Any CPU.ActiveCfg = Release|Any CPU
		{516087B5-6AC5-44A5-8DF1-FE42D7A7A0E6}.Release|Any CPU.Build.0 = Release|Any CPU
		{0169FF46-6F3D-4CE8-BAD2-05F024EB24E2}.Debug|Any CPU.ActiveCfg = Debug|Any CPU
		{0169FF46-6F3D-4CE8-BAD2-05F024EB24E2}.Debug|Any CPU.Build.0 = Debug|Any CPU
		{0169FF46-6F3D-4CE8-BAD2-05F024EB24E2}.Release|Any CPU.ActiveCfg = Release|Any CPU
		{0169FF46-6F3D-4CE8-BAD2-05F024EB24E2}.Release|Any CPU.Build.0 = Release|Any CPU
		{848616A9-3D2F-42B1-B474-BE506E8019E4}.Debug|Any CPU.ActiveCfg = Debug|Any CPU
		{848616A9-3D2F-42B1-B474-BE506E8019E4}.Debug|Any CPU.Build.0 = Debug|Any CPU
		{848616A9-3D2F-42B1-B474-BE506E8019E4}.Release|Any CPU.ActiveCfg = Release|Any CPU
		{848616A9-3D2F-42B1-B474-BE506E8019E4}.Release|Any CPU.Build.0 = Release|Any CPU
		{FAF19388-A6C0-46F9-A588-A46DB392ACE4}.Debug|Any CPU.ActiveCfg = Debug|Any CPU
		{FAF19388-A6C0-46F9-A588-A46DB392ACE4}.Debug|Any CPU.Build.0 = Debug|Any CPU
		{FAF19388-A6C0-46F9-A588-A46DB392ACE4}.Release|Any CPU.ActiveCfg = Release|Any CPU
		{FAF19388-A6C0-46F9-A588-A46DB392ACE4}.Release|Any CPU.Build.0 = Release|Any CPU
		{63A3EE73-078F-4DEC-8578-5AF6F158D383}.Debug|Any CPU.ActiveCfg = Debug|Any CPU
		{63A3EE73-078F-4DEC-8578-5AF6F158D383}.Debug|Any CPU.Build.0 = Debug|Any CPU
		{63A3EE73-078F-4DEC-8578-5AF6F158D383}.Release|Any CPU.ActiveCfg = Release|Any CPU
		{63A3EE73-078F-4DEC-8578-5AF6F158D383}.Release|Any CPU.Build.0 = Release|Any CPU
		{2D7E8D87-74AC-402A-8E11-BDACC7B3839B}.Debug|Any CPU.ActiveCfg = Debug|Any CPU
		{2D7E8D87-74AC-402A-8E11-BDACC7B3839B}.Debug|Any CPU.Build.0 = Debug|Any CPU
		{2D7E8D87-74AC-402A-8E11-BDACC7B3839B}.Release|Any CPU.ActiveCfg = Release|Any CPU
		{2D7E8D87-74AC-402A-8E11-BDACC7B3839B}.Release|Any CPU.Build.0 = Release|Any CPU
		{30E19E54-F36B-462F-884A-B5F84BAF1D7E}.Debug|Any CPU.ActiveCfg = Debug|Any CPU
		{30E19E54-F36B-462F-884A-B5F84BAF1D7E}.Debug|Any CPU.Build.0 = Debug|Any CPU
		{30E19E54-F36B-462F-884A-B5F84BAF1D7E}.Release|Any CPU.ActiveCfg = Release|Any CPU
		{30E19E54-F36B-462F-884A-B5F84BAF1D7E}.Release|Any CPU.Build.0 = Release|Any CPU
		{A8FBD1D1-EB45-42D5-85B8-D07C2A992E69}.Debug|Any CPU.ActiveCfg = Debug|Any CPU
		{A8FBD1D1-EB45-42D5-85B8-D07C2A992E69}.Debug|Any CPU.Build.0 = Debug|Any CPU
		{A8FBD1D1-EB45-42D5-85B8-D07C2A992E69}.Release|Any CPU.ActiveCfg = Release|Any CPU
		{A8FBD1D1-EB45-42D5-85B8-D07C2A992E69}.Release|Any CPU.Build.0 = Release|Any CPU
		{972CE055-4941-4959-9D9F-C43F5D1125CC}.Debug|Any CPU.ActiveCfg = Debug|Any CPU
		{972CE055-4941-4959-9D9F-C43F5D1125CC}.Debug|Any CPU.Build.0 = Debug|Any CPU
		{972CE055-4941-4959-9D9F-C43F5D1125CC}.Release|Any CPU.ActiveCfg = Release|Any CPU
		{972CE055-4941-4959-9D9F-C43F5D1125CC}.Release|Any CPU.Build.0 = Release|Any CPU
		{D0F12E16-59C0-4D6F-880D-621255FA708B}.Debug|Any CPU.ActiveCfg = Debug|Any CPU
		{D0F12E16-59C0-4D6F-880D-621255FA708B}.Debug|Any CPU.Build.0 = Debug|Any CPU
		{D0F12E16-59C0-4D6F-880D-621255FA708B}.Release|Any CPU.ActiveCfg = Release|Any CPU
		{D0F12E16-59C0-4D6F-880D-621255FA708B}.Release|Any CPU.Build.0 = Release|Any CPU
		{A87FD57D-B36F-4747-8AFA-989E5181705F}.Debug|Any CPU.ActiveCfg = Debug|Any CPU
		{A87FD57D-B36F-4747-8AFA-989E5181705F}.Debug|Any CPU.Build.0 = Debug|Any CPU
		{A87FD57D-B36F-4747-8AFA-989E5181705F}.Release|Any CPU.ActiveCfg = Release|Any CPU
		{A87FD57D-B36F-4747-8AFA-989E5181705F}.Release|Any CPU.Build.0 = Release|Any CPU
		{253234E3-85E1-4479-813C-96360A670D86}.Debug|Any CPU.ActiveCfg = Debug|Any CPU
		{253234E3-85E1-4479-813C-96360A670D86}.Debug|Any CPU.Build.0 = Debug|Any CPU
		{253234E3-85E1-4479-813C-96360A670D86}.Release|Any CPU.ActiveCfg = Release|Any CPU
		{253234E3-85E1-4479-813C-96360A670D86}.Release|Any CPU.Build.0 = Release|Any CPU
		{F2F28913-F5A7-47AC-A7EC-51248F3E5290}.Debug|Any CPU.ActiveCfg = Debug|Any CPU
		{F2F28913-F5A7-47AC-A7EC-51248F3E5290}.Debug|Any CPU.Build.0 = Debug|Any CPU
		{F2F28913-F5A7-47AC-A7EC-51248F3E5290}.Release|Any CPU.ActiveCfg = Release|Any CPU
		{F2F28913-F5A7-47AC-A7EC-51248F3E5290}.Release|Any CPU.Build.0 = Release|Any CPU
		{D1B59ED4-418D-4698-B127-BC1BCEC2ACDC}.Debug|Any CPU.ActiveCfg = Debug|Any CPU
		{D1B59ED4-418D-4698-B127-BC1BCEC2ACDC}.Debug|Any CPU.Build.0 = Debug|Any CPU
		{D1B59ED4-418D-4698-B127-BC1BCEC2ACDC}.Release|Any CPU.ActiveCfg = Release|Any CPU
		{D1B59ED4-418D-4698-B127-BC1BCEC2ACDC}.Release|Any CPU.Build.0 = Release|Any CPU
		{5A7E127E-70C0-4E8B-AC91-AA655B65B7FD}.Debug|Any CPU.ActiveCfg = Debug|Any CPU
		{5A7E127E-70C0-4E8B-AC91-AA655B65B7FD}.Debug|Any CPU.Build.0 = Debug|Any CPU
		{5A7E127E-70C0-4E8B-AC91-AA655B65B7FD}.Release|Any CPU.ActiveCfg = Release|Any CPU
		{5A7E127E-70C0-4E8B-AC91-AA655B65B7FD}.Release|Any CPU.Build.0 = Release|Any CPU
		{EAE30B58-F3B0-483B-AC3E-49FA7067D2F8}.Debug|Any CPU.ActiveCfg = Debug|Any CPU
		{EAE30B58-F3B0-483B-AC3E-49FA7067D2F8}.Debug|Any CPU.Build.0 = Debug|Any CPU
		{EAE30B58-F3B0-483B-AC3E-49FA7067D2F8}.Release|Any CPU.ActiveCfg = Release|Any CPU
		{EAE30B58-F3B0-483B-AC3E-49FA7067D2F8}.Release|Any CPU.Build.0 = Release|Any CPU
		{7AE977DC-E1DF-42BF-BD75-23EC6ADE0198}.Debug|Any CPU.ActiveCfg = Debug|Any CPU
		{7AE977DC-E1DF-42BF-BD75-23EC6ADE0198}.Debug|Any CPU.Build.0 = Debug|Any CPU
		{7AE977DC-E1DF-42BF-BD75-23EC6ADE0198}.Release|Any CPU.ActiveCfg = Release|Any CPU
		{7AE977DC-E1DF-42BF-BD75-23EC6ADE0198}.Release|Any CPU.Build.0 = Release|Any CPU
		{8B865BB0-D1E4-49E8-A458-14FC001CDA47}.Debug|Any CPU.ActiveCfg = Debug|Any CPU
		{8B865BB0-D1E4-49E8-A458-14FC001CDA47}.Debug|Any CPU.Build.0 = Debug|Any CPU
		{8B865BB0-D1E4-49E8-A458-14FC001CDA47}.Release|Any CPU.ActiveCfg = Release|Any CPU
		{8B865BB0-D1E4-49E8-A458-14FC001CDA47}.Release|Any CPU.Build.0 = Release|Any CPU
	EndGlobalSection
	GlobalSection(SolutionProperties) = preSolution
		HideSolutionNode = FALSE
	EndGlobalSection
	GlobalSection(NestedProjects) = preSolution
		{BF3B99F7-722C-40C2-A0FE-7C3F8F1B6B01} = {259159E1-FA55-4090-B5E7-FBA0F450EAC2}
		{A65CAEAF-839B-44E2-BEA5-6555F965143A} = {259159E1-FA55-4090-B5E7-FBA0F450EAC2}
		{516087B5-6AC5-44A5-8DF1-FE42D7A7A0E6} = {8C1E4C07-0B06-4EFA-A24D-560619F3782A}
		{0169FF46-6F3D-4CE8-BAD2-05F024EB24E2} = {8C1E4C07-0B06-4EFA-A24D-560619F3782A}
		{848616A9-3D2F-42B1-B474-BE506E8019E4} = {8C1E4C07-0B06-4EFA-A24D-560619F3782A}
		{FAF19388-A6C0-46F9-A588-A46DB392ACE4} = {8C1E4C07-0B06-4EFA-A24D-560619F3782A}
		{2D7E8D87-74AC-402A-8E11-BDACC7B3839B} = {259159E1-FA55-4090-B5E7-FBA0F450EAC2}
		{30E19E54-F36B-462F-884A-B5F84BAF1D7E} = {0F95BE5A-A7C1-4CF6-8D09-8491163E7ED2}
		{972CE055-4941-4959-9D9F-C43F5D1125CC} = {0F95BE5A-A7C1-4CF6-8D09-8491163E7ED2}
		{D0F12E16-59C0-4D6F-880D-621255FA708B} = {8DD48674-DAFC-4411-BC97-E0E0E6B34F53}
		{A87FD57D-B36F-4747-8AFA-989E5181705F} = {8DD48674-DAFC-4411-BC97-E0E0E6B34F53}
		{253234E3-85E1-4479-813C-96360A670D86} = {0F95BE5A-A7C1-4CF6-8D09-8491163E7ED2}
		{F2F28913-F5A7-47AC-A7EC-51248F3E5290} = {0F95BE5A-A7C1-4CF6-8D09-8491163E7ED2}
		{D1B59ED4-418D-4698-B127-BC1BCEC2ACDC} = {0F95BE5A-A7C1-4CF6-8D09-8491163E7ED2}
		{5A7E127E-70C0-4E8B-AC91-AA655B65B7FD} = {8DD48674-DAFC-4411-BC97-E0E0E6B34F53}
		{EAE30B58-F3B0-483B-AC3E-49FA7067D2F8} = {0F95BE5A-A7C1-4CF6-8D09-8491163E7ED2}
		{7AE977DC-E1DF-42BF-BD75-23EC6ADE0198} = {E26407E7-5EAB-4737-B555-1CD5D99A80B9}
		{8B865BB0-D1E4-49E8-A458-14FC001CDA47} = {E26407E7-5EAB-4737-B555-1CD5D99A80B9}
	EndGlobalSection
	GlobalSection(ExtensibilityGlobals) = postSolution
		SolutionGuid = {E3667F8E-DFD2-486A-AA38-7A1EFCC1CD63}
	EndGlobalSection
EndGlobal
