
Microsoft Visual Studio Solution File, Format Version 12.00
# Visual Studio 15
VisualStudioVersion = 15.0.27428.2002
MinimumVisualStudioVersion = 10.0.40219.1
Project("{FAE04EC0-301F-11D3-BF4B-00C04F79EFBC}") = "Thingy.API", "Thingy.API\Thingy.API.csproj", "{BF3B99F7-722C-40C2-A0FE-7C3F8F1B6B01}"
EndProject
Project("{FAE04EC0-301F-11D3-BF4B-00C04F79EFBC}") = "Thingy", "Thingy\Thingy.csproj", "{83DEFF85-7B78-4521-95CE-7A312E22A406}"
EndProject
Project("{FAE04EC0-301F-11D3-BF4B-00C04F79EFBC}") = "Thingy.ExternalLibs", "Thingy.ExternalLibs\Thingy.ExternalLibs.csproj", "{A65CAEAF-839B-44E2-BEA5-6555F965143A}"
EndProject
Project("{2150E333-8FDC-42A3-9474-1A3956D46DE8}") = "Build", "Build", "{C5B27D0E-90B5-4F9A-A234-A5B1D24140F3}"
EndProject
Global
	GlobalSection(SolutionConfigurationPlatforms) = preSolution
		Debug|Any CPU = Debug|Any CPU
		Release|Any CPU = Release|Any CPU
	EndGlobalSection
	GlobalSection(ProjectConfigurationPlatforms) = postSolution
		{BF3B99F7-722C-40C2-A0FE-7C3F8F1B6B01}.Debug|Any CPU.ActiveCfg = Debug|Any CPU
		{BF3B99F7-722C-40C2-A0FE-7C3F8F1B6B01}.Debug|Any CPU.Build.0 = Debug|Any CPU
		{BF3B99F7-722C-40C2-A0FE-7C3F8F1B6B01}.Release|Any CPU.ActiveCfg = Release|Any CPU
		{BF3B99F7-722C-40C2-A0FE-7C3F8F1B6B01}.Release|Any CPU.Build.0 = Release|Any CPU
		{83DEFF85-7B78-4521-95CE-7A312E22A406}.Debug|Any CPU.ActiveCfg = Debug|Any CPU
		{83DEFF85-7B78-4521-95CE-7A312E22A406}.Debug|Any CPU.Build.0 = Debug|Any CPU
		{83DEFF85-7B78-4521-95CE-7A312E22A406}.Release|Any CPU.ActiveCfg = Release|Any CPU
		{83DEFF85-7B78-4521-95CE-7A312E22A406}.Release|Any CPU.Build.0 = Release|Any CPU
		{A65CAEAF-839B-44E2-BEA5-6555F965143A}.Debug|Any CPU.ActiveCfg = Debug|Any CPU
		{A65CAEAF-839B-44E2-BEA5-6555F965143A}.Debug|Any CPU.Build.0 = Debug|Any CPU
		{A65CAEAF-839B-44E2-BEA5-6555F965143A}.Release|Any CPU.ActiveCfg = Release|Any CPU
		{A65CAEAF-839B-44E2-BEA5-6555F965143A}.Release|Any CPU.Build.0 = Release|Any CPU
	EndGlobalSection
	GlobalSection(SolutionProperties) = preSolution
		HideSolutionNode = FALSE
	EndGlobalSection
	GlobalSection(ExtensibilityGlobals) = postSolution
		SolutionGuid = {E3667F8E-DFD2-486A-AA38-7A1EFCC1CD63}
	EndGlobalSection
EndGlobal
